// !$*UTF8*$!
{
	archiveVersion = 1;
	classes = {
	};
	objectVersion = 46;
	objects = {

/* Begin PBXBuildFile section */
		BE8528601AE08B4E0063B6D4 /* AppDelegate.swift in Sources */ = {isa = PBXBuildFile; fileRef = BE85285F1AE08B4E0063B6D4 /* AppDelegate.swift */; };
		BE8528651AE08B4E0063B6D4 /* Main.storyboard in Resources */ = {isa = PBXBuildFile; fileRef = BE8528631AE08B4E0063B6D4 /* Main.storyboard */; };
		BE8528671AE08B4E0063B6D4 /* Images.xcassets in Resources */ = {isa = PBXBuildFile; fileRef = BE8528661AE08B4E0063B6D4 /* Images.xcassets */; };
		BE85286A1AE08B4E0063B6D4 /* LaunchScreen.xib in Resources */ = {isa = PBXBuildFile; fileRef = BE8528681AE08B4E0063B6D4 /* LaunchScreen.xib */; };
		BE8528761AE08B4E0063B6D4 /* Week1Tests.swift in Sources */ = {isa = PBXBuildFile; fileRef = BE8528751AE08B4E0063B6D4 /* Week1Tests.swift */; };
		D5E8AEE403DFACC426C5DD0C /* Pods_Week1.framework in Frameworks */ = {isa = PBXBuildFile; fileRef = 4984DC3F7F07BC5C5F82764E /* Pods_Week1.framework */; settings = {ATTRIBUTES = (Weak, ); }; };
/* End PBXBuildFile section */

/* Begin PBXContainerItemProxy section */
		BE8528701AE08B4E0063B6D4 /* PBXContainerItemProxy */ = {
			isa = PBXContainerItemProxy;
			containerPortal = BE8528521AE08B4E0063B6D4 /* Project object */;
			proxyType = 1;
			remoteGlobalIDString = BE8528591AE08B4E0063B6D4;
			remoteInfo = Week1;
		};
/* End PBXContainerItemProxy section */

/* Begin PBXFileReference section */
		0F04E549DD90E3C223A8530C /* Pods-Week1.debug.xcconfig */ = {isa = PBXFileReference; includeInIndex = 1; lastKnownFileType = text.xcconfig; name = "Pods-Week1.debug.xcconfig"; path = "Pods/Target Support Files/Pods-Week1/Pods-Week1.debug.xcconfig"; sourceTree = "<group>"; };
		34D6EE364E2B8459FCF57527 /* Pods-Week1.release.xcconfig */ = {isa = PBXFileReference; includeInIndex = 1; lastKnownFileType = text.xcconfig; name = "Pods-Week1.release.xcconfig"; path = "Pods/Target Support Files/Pods-Week1/Pods-Week1.release.xcconfig"; sourceTree = "<group>"; };
		4984DC3F7F07BC5C5F82764E /* Pods_Week1.framework */ = {isa = PBXFileReference; explicitFileType = wrapper.framework; includeInIndex = 0; path = Pods_Week1.framework; sourceTree = BUILT_PRODUCTS_DIR; };
		BE85285A1AE08B4E0063B6D4 /* Week1.app */ = {isa = PBXFileReference; explicitFileType = wrapper.application; includeInIndex = 0; path = Week1.app; sourceTree = BUILT_PRODUCTS_DIR; };
		BE85285E1AE08B4E0063B6D4 /* Info.plist */ = {isa = PBXFileReference; lastKnownFileType = text.plist.xml; path = Info.plist; sourceTree = "<group>"; };
		BE85285F1AE08B4E0063B6D4 /* AppDelegate.swift */ = {isa = PBXFileReference; lastKnownFileType = sourcecode.swift; path = AppDelegate.swift; sourceTree = "<group>"; };
		BE8528641AE08B4E0063B6D4 /* Base */ = {isa = PBXFileReference; lastKnownFileType = file.storyboard; name = Base; path = Base.lproj/Main.storyboard; sourceTree = "<group>"; };
		BE8528661AE08B4E0063B6D4 /* Images.xcassets */ = {isa = PBXFileReference; lastKnownFileType = folder.assetcatalog; path = Images.xcassets; sourceTree = "<group>"; };
		BE8528691AE08B4E0063B6D4 /* Base */ = {isa = PBXFileReference; lastKnownFileType = file.xib; name = Base; path = Base.lproj/LaunchScreen.xib; sourceTree = "<group>"; };
		BE85286F1AE08B4E0063B6D4 /* Week1Tests.xctest */ = {isa = PBXFileReference; explicitFileType = wrapper.cfbundle; includeInIndex = 0; path = Week1Tests.xctest; sourceTree = BUILT_PRODUCTS_DIR; };
		BE8528741AE08B4E0063B6D4 /* Info.plist */ = {isa = PBXFileReference; lastKnownFileType = text.plist.xml; path = Info.plist; sourceTree = "<group>"; };
		BE8528751AE08B4E0063B6D4 /* Week1Tests.swift */ = {isa = PBXFileReference; lastKnownFileType = sourcecode.swift; path = Week1Tests.swift; sourceTree = "<group>"; };
/* End PBXFileReference section */

/* Begin PBXFrameworksBuildPhase section */
		BE8528571AE08B4E0063B6D4 /* Frameworks */ = {
			isa = PBXFrameworksBuildPhase;
			buildActionMask = 2147483647;
			files = (
				D5E8AEE403DFACC426C5DD0C /* Pods_Week1.framework in Frameworks */,
			);
			runOnlyForDeploymentPostprocessing = 0;
		};
		BE85286C1AE08B4E0063B6D4 /* Frameworks */ = {
			isa = PBXFrameworksBuildPhase;
			buildActionMask = 2147483647;
			files = (
			);
			runOnlyForDeploymentPostprocessing = 0;
		};
/* End PBXFrameworksBuildPhase section */

/* Begin PBXGroup section */
		AF0BB8847D9BBAE0C30CA441 /* Frameworks */ = {
			isa = PBXGroup;
			children = (
				4984DC3F7F07BC5C5F82764E /* Pods_Week1.framework */,
			);
			name = Frameworks;
			sourceTree = "<group>";
		};
		BE8528511AE08B4E0063B6D4 = {
			isa = PBXGroup;
			children = (
				BE85285C1AE08B4E0063B6D4 /* Week1 */,
				BE8528721AE08B4E0063B6D4 /* Week1Tests */,
				BE85285B1AE08B4E0063B6D4 /* Products */,
				CCB2BA71EFF9504189B5B2DC /* Pods */,
				AF0BB8847D9BBAE0C30CA441 /* Frameworks */,
			);
			sourceTree = "<group>";
		};
		BE85285B1AE08B4E0063B6D4 /* Products */ = {
			isa = PBXGroup;
			children = (
				BE85285A1AE08B4E0063B6D4 /* Week1.app */,
				BE85286F1AE08B4E0063B6D4 /* Week1Tests.xctest */,
			);
			name = Products;
			sourceTree = "<group>";
		};
		BE85285C1AE08B4E0063B6D4 /* Week1 */ = {
			isa = PBXGroup;
			children = (
				BE85285F1AE08B4E0063B6D4 /* AppDelegate.swift */,
				BE8528631AE08B4E0063B6D4 /* Main.storyboard */,
				BE8528661AE08B4E0063B6D4 /* Images.xcassets */,
				BE8528681AE08B4E0063B6D4 /* LaunchScreen.xib */,
				BE85285D1AE08B4E0063B6D4 /* Supporting Files */,
			);
			path = Week1;
			sourceTree = "<group>";
		};
		BE85285D1AE08B4E0063B6D4 /* Supporting Files */ = {
			isa = PBXGroup;
			children = (
				BE85285E1AE08B4E0063B6D4 /* Info.plist */,
			);
			name = "Supporting Files";
			sourceTree = "<group>";
		};
		BE8528721AE08B4E0063B6D4 /* Week1Tests */ = {
			isa = PBXGroup;
			children = (
				BE8528751AE08B4E0063B6D4 /* Week1Tests.swift */,
				BE8528731AE08B4E0063B6D4 /* Supporting Files */,
			);
			path = Week1Tests;
			sourceTree = "<group>";
		};
		BE8528731AE08B4E0063B6D4 /* Supporting Files */ = {
			isa = PBXGroup;
			children = (
				BE8528741AE08B4E0063B6D4 /* Info.plist */,
			);
			name = "Supporting Files";
			sourceTree = "<group>";
		};
		CCB2BA71EFF9504189B5B2DC /* Pods */ = {
			isa = PBXGroup;
			children = (
				0F04E549DD90E3C223A8530C /* Pods-Week1.debug.xcconfig */,
				34D6EE364E2B8459FCF57527 /* Pods-Week1.release.xcconfig */,
			);
			name = Pods;
			sourceTree = "<group>";
		};
/* End PBXGroup section */

/* Begin PBXNativeTarget section */
		BE8528591AE08B4E0063B6D4 /* Week1 */ = {
			isa = PBXNativeTarget;
			buildConfigurationList = BE8528791AE08B4E0063B6D4 /* Build configuration list for PBXNativeTarget "Week1" */;
			buildPhases = (
				D12A0EB62564C9AE946E3698 /* Check Pods Manifest.lock */,
				BE8528561AE08B4E0063B6D4 /* Sources */,
				BE8528571AE08B4E0063B6D4 /* Frameworks */,
				BE8528581AE08B4E0063B6D4 /* Resources */,
				47B9FC392D14E9686228CCA3 /* Embed Pods Frameworks */,
				C4A7A98511C2CB13EEA1B04F /* Copy Pods Resources */,
			);
			buildRules = (
			);
			dependencies = (
			);
			name = Week1;
			productName = Week1;
			productReference = BE85285A1AE08B4E0063B6D4 /* Week1.app */;
			productType = "com.apple.product-type.application";
		};
		BE85286E1AE08B4E0063B6D4 /* Week1Tests */ = {
			isa = PBXNativeTarget;
			buildConfigurationList = BE85287C1AE08B4E0063B6D4 /* Build configuration list for PBXNativeTarget "Week1Tests" */;
			buildPhases = (
				BE85286B1AE08B4E0063B6D4 /* Sources */,
				BE85286C1AE08B4E0063B6D4 /* Frameworks */,
				BE85286D1AE08B4E0063B6D4 /* Resources */,
			);
			buildRules = (
			);
			dependencies = (
				BE8528711AE08B4E0063B6D4 /* PBXTargetDependency */,
			);
			name = Week1Tests;
			productName = Week1Tests;
			productReference = BE85286F1AE08B4E0063B6D4 /* Week1Tests.xctest */;
			productType = "com.apple.product-type.bundle.unit-test";
		};
/* End PBXNativeTarget section */

/* Begin PBXProject section */
		BE8528521AE08B4E0063B6D4 /* Project object */ = {
			isa = PBXProject;
			attributes = {
				LastUpgradeCheck = 0630;
				ORGANIZATIONNAME = "Will Johansson and Rob Hislop";
				TargetAttributes = {
					BE8528591AE08B4E0063B6D4 = {
						CreatedOnToolsVersion = 6.3;
					};
					BE85286E1AE08B4E0063B6D4 = {
						CreatedOnToolsVersion = 6.3;
						TestTargetID = BE8528591AE08B4E0063B6D4;
					};
				};
			};
			buildConfigurationList = BE8528551AE08B4E0063B6D4 /* Build configuration list for PBXProject "Week1" */;
			compatibilityVersion = "Xcode 3.2";
			developmentRegion = English;
			hasScannedForEncodings = 0;
			knownRegions = (
				en,
				Base,
			);
			mainGroup = BE8528511AE08B4E0063B6D4;
			productRefGroup = BE85285B1AE08B4E0063B6D4 /* Products */;
			projectDirPath = "";
			projectRoot = "";
			targets = (
				BE8528591AE08B4E0063B6D4 /* Week1 */,
				BE85286E1AE08B4E0063B6D4 /* Week1Tests */,
			);
		};
/* End PBXProject section */

/* Begin PBXResourcesBuildPhase section */
		BE8528581AE08B4E0063B6D4 /* Resources */ = {
			isa = PBXResourcesBuildPhase;
			buildActionMask = 2147483647;
			files = (
				BE8528651AE08B4E0063B6D4 /* Main.storyboard in Resources */,
				BE85286A1AE08B4E0063B6D4 /* LaunchScreen.xib in Resources */,
				BE8528671AE08B4E0063B6D4 /* Images.xcassets in Resources */,
			);
			runOnlyForDeploymentPostprocessing = 0;
		};
		BE85286D1AE08B4E0063B6D4 /* Resources */ = {
			isa = PBXResourcesBuildPhase;
			buildActionMask = 2147483647;
			files = (
			);
			runOnlyForDeploymentPostprocessing = 0;
		};
/* End PBXResourcesBuildPhase section */

/* Begin PBXShellScriptBuildPhase section */
		47B9FC392D14E9686228CCA3 /* Embed Pods Frameworks */ = {
			isa = PBXShellScriptBuildPhase;
			buildActionMask = 2147483647;
			files = (
			);
			inputPaths = (
			);
			name = "Embed Pods Frameworks";
			outputPaths = (
			);
			runOnlyForDeploymentPostprocessing = 0;
			shellPath = /bin/sh;
			shellScript = "\"${SRCROOT}/Pods/Target Support Files/Pods-Week1/Pods-Week1-frameworks.sh\"\n";
			showEnvVarsInLog = 0;
		};
		C4A7A98511C2CB13EEA1B04F /* Copy Pods Resources */ = {
			isa = PBXShellScriptBuildPhase;
			buildActionMask = 2147483647;
			files = (
			);
			inputPaths = (
			);
			name = "Copy Pods Resources";
			outputPaths = (
			);
			runOnlyForDeploymentPostprocessing = 0;
			shellPath = /bin/sh;
			shellScript = "\"${SRCROOT}/Pods/Target Support Files/Pods-Week1/Pods-Week1-resources.sh\"\n";
			showEnvVarsInLog = 0;
		};
		D12A0EB62564C9AE946E3698 /* Check Pods Manifest.lock */ = {
			isa = PBXShellScriptBuildPhase;
			buildActionMask = 2147483647;
			files = (
			);
			inputPaths = (
			);
			name = "Check Pods Manifest.lock";
			outputPaths = (
			);
			runOnlyForDeploymentPostprocessing = 0;
			shellPath = /bin/sh;
			shellScript = "diff \"${PODS_ROOT}/../Podfile.lock\" \"${PODS_ROOT}/Manifest.lock\" > /dev/null\nif [[ $? != 0 ]] ; then\n    cat << EOM\nerror: The sandbox is not in sync with the Podfile.lock. Run 'pod install' or update your CocoaPods installation.\nEOM\n    exit 1\nfi\n";
			showEnvVarsInLog = 0;
		};
/* End PBXShellScriptBuildPhase section */

/* Begin PBXSourcesBuildPhase section */
		BE8528561AE08B4E0063B6D4 /* Sources */ = {
			isa = PBXSourcesBuildPhase;
			buildActionMask = 2147483647;
			files = (
				BE8528601AE08B4E0063B6D4 /* AppDelegate.swift in Sources */,
			);
			runOnlyForDeploymentPostprocessing = 0;
		};
		BE85286B1AE08B4E0063B6D4 /* Sources */ = {
			isa = PBXSourcesBuildPhase;
			buildActionMask = 2147483647;
			files = (
				BE8528761AE08B4E0063B6D4 /* Week1Tests.swift in Sources */,
			);
			runOnlyForDeploymentPostprocessing = 0;
		};
/* End PBXSourcesBuildPhase section */

/* Begin PBXTargetDependency section */
		BE8528711AE08B4E0063B6D4 /* PBXTargetDependency */ = {
			isa = PBXTargetDependency;
			target = BE8528591AE08B4E0063B6D4 /* Week1 */;
			targetProxy = BE8528701AE08B4E0063B6D4 /* PBXContainerItemProxy */;
		};
/* End PBXTargetDependency section */

/* Begin PBXVariantGroup section */
		BE8528631AE08B4E0063B6D4 /* Main.storyboard */ = {
			isa = PBXVariantGroup;
			children = (
				BE8528641AE08B4E0063B6D4 /* Base */,
			);
			name = Main.storyboard;
			sourceTree = "<group>";
		};
		BE8528681AE08B4E0063B6D4 /* LaunchScreen.xib */ = {
			isa = PBXVariantGroup;
			children = (
				BE8528691AE08B4E0063B6D4 /* Base */,
			);
			name = LaunchScreen.xib;
			sourceTree = "<group>";
		};
/* End PBXVariantGroup section */

/* Begin XCBuildConfiguration section */
		BE8528771AE08B4E0063B6D4 /* Debug */ = {
			isa = XCBuildConfiguration;
			buildSettings = {
				ALWAYS_SEARCH_USER_PATHS = NO;
				CLANG_CXX_LANGUAGE_STANDARD = "gnu++0x";
				CLANG_CXX_LIBRARY = "libc++";
				CLANG_ENABLE_MODULES = YES;
				CLANG_ENABLE_OBJC_ARC = YES;
				CLANG_WARN_BOOL_CONVERSION = YES;
				CLANG_WARN_CONSTANT_CONVERSION = YES;
				CLANG_WARN_DIRECT_OBJC_ISA_USAGE = YES_ERROR;
				CLANG_WARN_EMPTY_BODY = YES;
				CLANG_WARN_ENUM_CONVERSION = YES;
				CLANG_WARN_INT_CONVERSION = YES;
				CLANG_WARN_OBJC_ROOT_CLASS = YES_ERROR;
				CLANG_WARN_UNREACHABLE_CODE = YES;
				CLANG_WARN__DUPLICATE_METHOD_MATCH = YES;
				"CODE_SIGN_IDENTITY[sdk=iphoneos*]" = "iPhone Developer";
				COPY_PHASE_STRIP = NO;
				DEBUG_INFORMATION_FORMAT = "dwarf-with-dsym";
				ENABLE_STRICT_OBJC_MSGSEND = YES;
				GCC_C_LANGUAGE_STANDARD = gnu99;
				GCC_DYNAMIC_NO_PIC = NO;
				GCC_NO_COMMON_BLOCKS = YES;
				GCC_OPTIMIZATION_LEVEL = 0;
				GCC_PREPROCESSOR_DEFINITIONS = (
					"DEBUG=1",
					"$(inherited)",
				);
				GCC_SYMBOLS_PRIVATE_EXTERN = NO;
				GCC_WARN_64_TO_32_BIT_CONVERSION = YES;
				GCC_WARN_ABOUT_RETURN_TYPE = YES_ERROR;
				GCC_WARN_UNDECLARED_SELECTOR = YES;
				GCC_WARN_UNINITIALIZED_AUTOS = YES_AGGRESSIVE;
				GCC_WARN_UNUSED_FUNCTION = YES;
				GCC_WARN_UNUSED_VARIABLE = YES;
				IPHONEOS_DEPLOYMENT_TARGET = 8.3;
				MTL_ENABLE_DEBUG_INFO = YES;
				ONLY_ACTIVE_ARCH = YES;
				SDKROOT = iphoneos;
				SWIFT_OPTIMIZATION_LEVEL = "-Onone";
			};
			name = Debug;
		};
		BE8528781AE08B4E0063B6D4 /* Release */ = {
			isa = XCBuildConfiguration;
			buildSettings = {
				ALWAYS_SEARCH_USER_PATHS = NO;
				CLANG_CXX_LANGUAGE_STANDARD = "gnu++0x";
				CLANG_CXX_LIBRARY = "libc++";
				CLANG_ENABLE_MODULES = YES;
				CLANG_ENABLE_OBJC_ARC = YES;
				CLANG_WARN_BOOL_CONVERSION = YES;
				CLANG_WARN_CONSTANT_CONVERSION = YES;
				CLANG_WARN_DIRECT_OBJC_ISA_USAGE = YES_ERROR;
				CLANG_WARN_EMPTY_BODY = YES;
				CLANG_WARN_ENUM_CONVERSION = YES;
				CLANG_WARN_INT_CONVERSION = YES;
				CLANG_WARN_OBJC_ROOT_CLASS = YES_ERROR;
				CLANG_WARN_UNREACHABLE_CODE = YES;
				CLANG_WARN__DUPLICATE_METHOD_MATCH = YES;
				"CODE_SIGN_IDENTITY[sdk=iphoneos*]" = "iPhone Developer";
				COPY_PHASE_STRIP = NO;
				DEBUG_INFORMATION_FORMAT = "dwarf-with-dsym";
				ENABLE_NS_ASSERTIONS = NO;
				ENABLE_STRICT_OBJC_MSGSEND = YES;
				GCC_C_LANGUAGE_STANDARD = gnu99;
				GCC_NO_COMMON_BLOCKS = YES;
				GCC_WARN_64_TO_32_BIT_CONVERSION = YES;
				GCC_WARN_ABOUT_RETURN_TYPE = YES_ERROR;
				GCC_WARN_UNDECLARED_SELECTOR = YES;
				GCC_WARN_UNINITIALIZED_AUTOS = YES_AGGRESSIVE;
				GCC_WARN_UNUSED_FUNCTION = YES;
				GCC_WARN_UNUSED_VARIABLE = YES;
				IPHONEOS_DEPLOYMENT_TARGET = 8.3;
				MTL_ENABLE_DEBUG_INFO = NO;
				SDKROOT = iphoneos;
				VALIDATE_PRODUCT = YES;
			};
			name = Release;
		};
		BE85287A1AE08B4E0063B6D4 /* Debug */ = {
			isa = XCBuildConfiguration;
			baseConfigurationReference = 0F04E549DD90E3C223A8530C /* Pods-Week1.debug.xcconfig */;
			buildSettings = {
				ASSETCATALOG_COMPILER_APPICON_NAME = AppIcon;
				INFOPLIST_FILE = Week1/Info.plist;
				LD_RUNPATH_SEARCH_PATHS = "$(inherited) @executable_path/Frameworks";
				PRODUCT_NAME = "$(TARGET_NAME)";
			};
			name = Debug;
		};
		BE85287B1AE08B4E0063B6D4 /* Release */ = {
			isa = XCBuildConfiguration;
			baseConfigurationReference = 34D6EE364E2B8459FCF57527 /* Pods-Week1.release.xcconfig */;
			buildSettings = {
				ASSETCATALOG_COMPILER_APPICON_NAME = AppIcon;
				INFOPLIST_FILE = Week1/Info.plist;
				LD_RUNPATH_SEARCH_PATHS = "$(inherited) @executable_path/Frameworks";
				PRODUCT_NAME = "$(TARGET_NAME)";
			};
			name = Release;
		};
		BE85287D1AE08B4E0063B6D4 /* Debug */ = {
			isa = XCBuildConfiguration;
			buildSettings = {
				BUNDLE_LOADER = "$(TEST_HOST)";
				FRAMEWORK_SEARCH_PATHS = (
					"$(SDKROOT)/Developer/Library/Frameworks",
					"$(inherited)",
				);
				GCC_PREPROCESSOR_DEFINITIONS = (
					"DEBUG=1",
					"$(inherited)",
				);
				INFOPLIST_FILE = Week1Tests/Info.plist;
				LD_RUNPATH_SEARCH_PATHS = "$(inherited) @executable_path/Frameworks @loader_path/Frameworks";
				PRODUCT_NAME = "$(TARGET_NAME)";
				TEST_HOST = "$(BUILT_PRODUCTS_DIR)/Week1.app/Week1";
			};
			name = Debug;
		};
		BE85287E1AE08B4E0063B6D4 /* Release */ = {
			isa = XCBuildConfiguration;
			buildSettings = {
				BUNDLE_LOADER = "$(TEST_HOST)";
				FRAMEWORK_SEARCH_PATHS = (
					"$(SDKROOT)/Developer/Library/Frameworks",
					"$(inherited)",
				);
				INFOPLIST_FILE = Week1Tests/Info.plist;
				LD_RUNPATH_SEARCH_PATHS = "$(inherited) @executable_path/Frameworks @loader_path/Frameworks";
				PRODUCT_NAME = "$(TARGET_NAME)";
				TEST_HOST = "$(BUILT_PRODUCTS_DIR)/Week1.app/Week1";
			};
			name = Release;
		};
/* End XCBuildConfiguration section */

/* Begin XCConfigurationList section */
		BE8528551AE08B4E0063B6D4 /* Build configuration list for PBXProject "Week1" */ = {
			isa = XCConfigurationList;
			buildConfigurations = (
				BE8528771AE08B4E0063B6D4 /* Debug */,
				BE8528781AE08B4E0063B6D4 /* Release */,
			);
			defaultConfigurationIsVisible = 0;
			defaultConfigurationName = Release;
		};
		BE8528791AE08B4E0063B6D4 /* Build configuration list for PBXNativeTarget "Week1" */ = {
			isa = XCConfigurationList;
			buildConfigurations = (
				BE85287A1AE08B4E0063B6D4 /* Debug */,
				BE85287B1AE08B4E0063B6D4 /* Release */,
			);
			defaultConfigurationIsVisible = 0;
			defaultConfigurationName = Release;
		};
		BE85287C1AE08B4E0063B6D4 /* Build configuration list for PBXNativeTarget "Week1Tests" */ = {
			isa = XCConfigurationList;
			buildConfigurations = (
				BE85287D1AE08B4E0063B6D4 /* Debug */,
				BE85287E1AE08B4E0063B6D4 /* Release */,
			);
			defaultConfigurationIsVisible = 0;
			defaultConfigurationName = Release;
		};
/* End XCConfigurationList section */
	};
	rootObject = BE8528521AE08B4E0063B6D4 /* Project object */;
}
